{
  "name": "@rescript/react",
  "version": "0.16.0-beta.1",
  "lockfileVersion": 2,
  "requires": true,
  "packages": {
    "": {
      "name": "@rescript/react",
      "version": "0.16.0-beta.1",
      "license": "MIT",
      "devDependencies": {
        "pkg-pr-new": "^0.0.75",
        "react": "^19.2.0",
        "react-dom": "^19.2.0",
        "rescript": "^13.0.0-alpha.5"
      },
      "peerDependencies": {
        "@rescript/runtime": ">=13.0.0-alpha.5",
        "react": ">=19.2.0",
        "react-dom": ">=19.2.0"
      }
    },
    "node_modules/@rescript/darwin-arm64": {
      "version": "13.0.0-alpha.5",
      "resolved": "https://registry.npmjs.org/@rescript/darwin-arm64/-/darwin-arm64-13.0.0-alpha.5.tgz",
      "integrity": "sha512-OCpT4VYLkxTjm56y+CG4SfrqotMLCaqKY5pxGq75hOPRZLZ5n5BG3OvA1rBsmz5+gT7VpKm1Do9YhmO0JvYZfg==",
      "cpu": [
        "arm64"
      ],
      "dev": true,
      "license": "(LGPL-3.0-or-later AND MIT)",
      "optional": true,
      "os": [
        "darwin"
      ],
      "engines": {
        "node": ">=20.11.0"
      }
    },
    "node_modules/@rescript/darwin-x64": {
      "version": "13.0.0-alpha.5",
      "resolved": "https://registry.npmjs.org/@rescript/darwin-x64/-/darwin-x64-13.0.0-alpha.5.tgz",
      "integrity": "sha512-UT143XnOVmUUayrD/1ceKrXb8rbhNmXKhhfnTnRGRLWp1Hxyiq5uq3OGNorSIW6jHsszsP0VvjKA+Z31h04E6Q==",
      "cpu": [
        "x64"
      ],
      "dev": true,
      "license": "(LGPL-3.0-or-later AND MIT)",
      "optional": true,
      "os": [
        "darwin"
      ],
      "engines": {
        "node": ">=20.11.0"
      }
    },
    "node_modules/@rescript/linux-arm64": {
      "version": "13.0.0-alpha.5",
      "resolved": "https://registry.npmjs.org/@rescript/linux-arm64/-/linux-arm64-13.0.0-alpha.5.tgz",
      "integrity": "sha512-lQ3trljExrH1uqS3hsjjoi6fnaImG/tYppcF2X4Yk8u0AP1t6AC6LUM0KR2kjctG5b7OVUrujOu91NnjovN46A==",
      "cpu": [
        "arm64"
      ],
      "dev": true,
      "license": "(LGPL-3.0-or-later AND MIT)",
      "optional": true,
      "os": [
        "linux"
      ],
      "engines": {
        "node": ">=20.11.0"
      }
    },
    "node_modules/@rescript/linux-x64": {
      "version": "13.0.0-alpha.5",
      "resolved": "https://registry.npmjs.org/@rescript/linux-x64/-/linux-x64-13.0.0-alpha.5.tgz",
      "integrity": "sha512-Cu73xGa2nMcSgW274tAJDexlBqJGFKpv/v9wHAxqFxXzIwSkET51N9xkf42GljejeVzwyDEfgQId2Znme/PWkg==",
      "cpu": [
        "x64"
      ],
      "dev": true,
      "license": "(LGPL-3.0-or-later AND MIT)",
      "optional": true,
      "os": [
        "linux"
      ],
      "engines": {
        "node": ">=20.11.0"
      }
    },
    "node_modules/@rescript/runtime": {
      "version": "13.0.0-alpha.5",
      "resolved": "https://registry.npmjs.org/@rescript/runtime/-/runtime-13.0.0-alpha.5.tgz",
      "integrity": "sha512-k0iQhrDasCD5K5orSrps21ZVgvMgOIwh03QjUAxtMkVwyPclg6LbgG5eAAgduyecXXm3ii30o3nDaXvCryu/Tw==",
      "license": "MIT"
    },
    "node_modules/@rescript/win32-x64": {
      "version": "13.0.0-alpha.5",
      "resolved": "https://registry.npmjs.org/@rescript/win32-x64/-/win32-x64-13.0.0-alpha.5.tgz",
      "integrity": "sha512-7uUkUY0pXDdPB5znHQYWsGml3E2pQ68KSaM7HZoFfnOEIuPqGz/hssgLgsXHkfHxrHB0waX9fsqx2Qckn6IGsw==",
      "cpu": [
        "x64"
      ],
      "dev": true,
      "license": "(LGPL-3.0-or-later AND MIT)",
      "optional": true,
      "os": [
        "win32"
      ],
      "engines": {
        "node": ">=20.11.0"
      }
    },
    "node_modules/pkg-pr-new": {
      "version": "0.0.75",
      "resolved": "https://registry.npmjs.org/pkg-pr-new/-/pkg-pr-new-0.0.75.tgz",
      "integrity": "sha512-u9mdErTewKSMsr+ceCt8VcNuNP0ro5AXiPXhUVApuEyqr2Zlvt+DdCFBcm+yGWN8mhOdZJ27meIDbnoZgfzpOw==",
      "dev": true,
      "license": "MIT",
      "bin": {
        "pkg-pr-new": "bin/cli.js"
      }
    },
    "node_modules/react": {
      "version": "19.2.4",
      "resolved": "https://registry.npmjs.org/react/-/react-19.2.4.tgz",
      "integrity": "sha512-9nfp2hYpCwOjAN+8TZFGhtWEwgvWHXqESH8qT89AT/lWklpLON22Lc8pEtnpsZz7VmawabSU0gCjnj8aC0euHQ==",
      "dev": true,
      "license": "MIT",
      "engines": {
        "node": ">=0.10.0"
      }
    },
    "node_modules/react-dom": {
      "version": "19.2.4",
      "resolved": "https://registry.npmjs.org/react-dom/-/react-dom-19.2.4.tgz",
      "integrity": "sha512-AXJdLo8kgMbimY95O2aKQqsz2iWi9jMgKJhRBAxECE4IFxfcazB2LmzloIoibJI3C12IlY20+KFaLv+71bUJeQ==",
      "dev": true,
      "license": "MIT",
      "dependencies": {
        "scheduler": "^0.27.0"
      },
      "peerDependencies": {
        "react": "^19.2.4"
      }
    },
    "node_modules/rescript": {
      "version": "13.0.0-alpha.5",
      "resolved": "https://registry.npmjs.org/rescript/-/rescript-13.0.0-alpha.5.tgz",
      "integrity": "sha512-rv/xA1OQLN5l90/szD82IR8p/bNzwKNPLnEVaR89oiuBZYG7IhHfRxEKAvpOHqlrpnV8zKmc16IXcjCQxlni/w==",
      "dev": true,
      "license": "(LGPL-3.0-or-later AND MIT)",
      "workspaces": [
        "packages/dev-playground",
        "packages/playground",
        "packages/@rescript/*",
        "tests/dependencies/**",
        "tests/analysis_tests/**",
        "tests/docstring_tests",
        "tests/gentype_tests/**",
        "tests/tests",
        "tests/tools_tests",
        "tests/commonjs_tests",
        "scripts/res"
      ],
      "dependencies": {
        "@rescript/runtime": "13.0.0-alpha.5"
      },
      "bin": {
        "bsc": "cli/bsc.js",
        "rescript": "cli/rescript.js",
        "rescript-tools": "cli/rescript-tools.js"
      },
      "engines": {
        "node": ">=22"
      },
      "optionalDependencies": {
        "@rescript/darwin-arm64": "13.0.0-alpha.5",
        "@rescript/darwin-x64": "13.0.0-alpha.5",
        "@rescript/linux-arm64": "13.0.0-alpha.5",
        "@rescript/linux-x64": "13.0.0-alpha.5",
        "@rescript/win32-x64": "13.0.0-alpha.5"
      }
    },
    "node_modules/scheduler": {
      "version": "0.27.0",
      "resolved": "https://registry.npmjs.org/scheduler/-/scheduler-0.27.0.tgz",
      "integrity": "sha512-eNv+WrVbKu1f3vbYJT/xtiF5syA5HPIMtf9IgY/nKg0sWqzAUEvqY/xm7OcZc/qafLx/iO9FgOmeSAp4v5ti/Q==",
      "dev": true,
      "license": "MIT"
    }
  },
  "dependencies": {
    "@rescript/darwin-arm64": {
      "version": "13.0.0-alpha.5",
      "resolved": "https://registry.npmjs.org/@rescript/darwin-arm64/-/darwin-arm64-13.0.0-alpha.5.tgz",
      "integrity": "sha512-OCpT4VYLkxTjm56y+CG4SfrqotMLCaqKY5pxGq75hOPRZLZ5n5BG3OvA1rBsmz5+gT7VpKm1Do9YhmO0JvYZfg==",
      "dev": true,
      "optional": true
    },
    "@rescript/darwin-x64": {
      "version": "13.0.0-alpha.5",
      "resolved": "https://registry.npmjs.org/@rescript/darwin-x64/-/darwin-x64-13.0.0-alpha.5.tgz",
      "integrity": "sha512-UT143XnOVmUUayrD/1ceKrXb8rbhNmXKhhfnTnRGRLWp1Hxyiq5uq3OGNorSIW6jHsszsP0VvjKA+Z31h04E6Q==",
      "dev": true,
      "optional": true
    },
    "@rescript/linux-arm64": {
      "version": "13.0.0-alpha.5",
      "resolved": "https://registry.npmjs.org/@rescript/linux-arm64/-/linux-arm64-13.0.0-alpha.5.tgz",
      "integrity": "sha512-lQ3trljExrH1uqS3hsjjoi6fnaImG/tYppcF2X4Yk8u0AP1t6AC6LUM0KR2kjctG5b7OVUrujOu91NnjovN46A==",
      "dev": true,
      "optional": true
    },
    "@rescript/linux-x64": {
      "version": "13.0.0-alpha.5",
      "resolved": "https://registry.npmjs.org/@rescript/linux-x64/-/linux-x64-13.0.0-alpha.5.tgz",
      "integrity": "sha512-Cu73xGa2nMcSgW274tAJDexlBqJGFKpv/v9wHAxqFxXzIwSkET51N9xkf42GljejeVzwyDEfgQId2Znme/PWkg==",
      "dev": true,
      "optional": true
    },
    "@rescript/runtime": {
      "version": "13.0.0-alpha.5",
      "resolved": "https://registry.npmjs.org/@rescript/runtime/-/runtime-13.0.0-alpha.5.tgz",
      "integrity": "sha512-k0iQhrDasCD5K5orSrps21ZVgvMgOIwh03QjUAxtMkVwyPclg6LbgG5eAAgduyecXXm3ii30o3nDaXvCryu/Tw=="
    },
    "@rescript/win32-x64": {
      "version": "13.0.0-alpha.5",
      "resolved": "https://registry.npmjs.org/@rescript/win32-x64/-/win32-x64-13.0.0-alpha.5.tgz",
      "integrity": "sha512-7uUkUY0pXDdPB5znHQYWsGml3E2pQ68KSaM7HZoFfnOEIuPqGz/hssgLgsXHkfHxrHB0waX9fsqx2Qckn6IGsw==",
      "dev": true,
      "optional": true
    },
    "pkg-pr-new": {
      "version": "0.0.75",
      "resolved": "https://registry.npmjs.org/pkg-pr-new/-/pkg-pr-new-0.0.75.tgz",
      "integrity": "sha512-u9mdErTewKSMsr+ceCt8VcNuNP0ro5AXiPXhUVApuEyqr2Zlvt+DdCFBcm+yGWN8mhOdZJ27meIDbnoZgfzpOw==",
      "dev": true
    },
    "react": {
      "version": "19.2.4",
      "resolved": "https://registry.npmjs.org/react/-/react-19.2.4.tgz",
      "integrity": "sha512-9nfp2hYpCwOjAN+8TZFGhtWEwgvWHXqESH8qT89AT/lWklpLON22Lc8pEtnpsZz7VmawabSU0gCjnj8aC0euHQ==",
      "dev": true
    },
    "react-dom": {
      "version": "19.2.4",
      "resolved": "https://registry.npmjs.org/react-dom/-/react-dom-19.2.4.tgz",
      "integrity": "sha512-AXJdLo8kgMbimY95O2aKQqsz2iWi9jMgKJhRBAxECE4IFxfcazB2LmzloIoibJI3C12IlY20+KFaLv+71bUJeQ==",
      "dev": true,
      "requires": {
        "scheduler": "^0.27.0"
      }
    },
    "rescript": {
      "version": "13.0.0-alpha.5",
      "resolved": "https://registry.npmjs.org/rescript/-/rescript-13.0.0-alpha.5.tgz",
      "integrity": "sha512-rv/xA1OQLN5l90/szD82IR8p/bNzwKNPLnEVaR89oiuBZYG7IhHfRxEKAvpOHqlrpnV8zKmc16IXcjCQxlni/w==",
      "dev": true,
      "requires": {
        "@rescript/darwin-arm64": "13.0.0-alpha.5",
        "@rescript/darwin-x64": "13.0.0-alpha.5",
        "@rescript/linux-arm64": "13.0.0-alpha.5",
        "@rescript/linux-x64": "13.0.0-alpha.5",
        "@rescript/runtime": "13.0.0-alpha.5",
        "@rescript/win32-x64": "13.0.0-alpha.5"
      }
    },
    "scheduler": {
      "version": "0.27.0",
      "resolved": "https://registry.npmjs.org/scheduler/-/scheduler-0.27.0.tgz",
      "integrity": "sha512-eNv+WrVbKu1f3vbYJT/xtiF5syA5HPIMtf9IgY/nKg0sWqzAUEvqY/xm7OcZc/qafLx/iO9FgOmeSAp4v5ti/Q==",
      "dev": true
    }
  }
}
