{
  "name": "@rescript/react",
  "version": "0.15.0",
  "lockfileVersion": 3,
  "requires": true,
  "packages": {
    "": {
      "name": "@rescript/react",
      "version": "0.15.0",
      "license": "MIT",
      "dependencies": {
        "@rescript/webapi": "0.1.0-experimental-61b1074"
      },
      "devDependencies": {
        "react": "^19.2.0",
        "react-dom": "^19.2.0",
        "rescript": "^12.0.0"
      },
      "peerDependencies": {
        "@rescript/runtime": ">=12.0.0",
        "react": ">=19.2.0",
        "react-dom": ">=19.2.0"
      }
    },
    "node_modules/@rescript/darwin-arm64": {
      "version": "12.2.0",
      "resolved": "https://registry.npmjs.org/@rescript/darwin-arm64/-/darwin-arm64-12.2.0.tgz",
      "integrity": "sha512-xc3K/J7Ujl1vPiFY2009mRf3kWRlUe/VZyJWprseKxlcEtUQv89ter7r6pY+YFbtYvA/fcaEncL9CVGEdattAg==",
      "cpu": [
        "arm64"
      ],
      "license": "(LGPL-3.0-or-later AND MIT)",
      "optional": true,
      "os": [
        "darwin"
      ],
      "engines": {
        "node": ">=20.11.0"
      }
    },
    "node_modules/@rescript/darwin-x64": {
      "version": "12.2.0",
      "resolved": "https://registry.npmjs.org/@rescript/darwin-x64/-/darwin-x64-12.2.0.tgz",
      "integrity": "sha512-qqcTvnlSeoKkywLjG7cXfYvKZ1e4Gz2kUKcD6SiqDgCqm8TF+spwlFAiM6sloRUOFsc0bpC/0R0B3yr01FCB1A==",
      "cpu": [
        "x64"
      ],
      "license": "(LGPL-3.0-or-later AND MIT)",
      "optional": true,
      "os": [
        "darwin"
      ],
      "engines": {
        "node": ">=20.11.0"
      }
    },
    "node_modules/@rescript/linux-arm64": {
      "version": "12.2.0",
      "resolved": "https://registry.npmjs.org/@rescript/linux-arm64/-/linux-arm64-12.2.0.tgz",
      "integrity": "sha512-ODmpG3ji+Nj/8d5yvXkeHlfKkmbw1Q4t1iIjVuNwtmFpz7TiEa7n/sQqoYdE+WzbDX3DoJfmJNbp3Ob7qCUoOg==",
      "cpu": [
        "arm64"
      ],
      "license": "(LGPL-3.0-or-later AND MIT)",
      "optional": true,
      "os": [
        "linux"
      ],
      "engines": {
        "node": ">=20.11.0"
      }
    },
    "node_modules/@rescript/linux-x64": {
      "version": "12.2.0",
      "resolved": "https://registry.npmjs.org/@rescript/linux-x64/-/linux-x64-12.2.0.tgz",
      "integrity": "sha512-2W9Y9/g19Y4F/subl8yV3T8QBG2oRaP+HciNRcBjptyEdw9LmCKH8+rhWO6sp3E+nZLwoE2IAkwH0WKV3wqlxQ==",
      "cpu": [
        "x64"
      ],
      "license": "(LGPL-3.0-or-later AND MIT)",
      "optional": true,
      "os": [
        "linux"
      ],
      "engines": {
        "node": ">=20.11.0"
      }
    },
    "node_modules/@rescript/runtime": {
      "version": "12.2.0",
      "resolved": "https://registry.npmjs.org/@rescript/runtime/-/runtime-12.2.0.tgz",
      "integrity": "sha512-NwfljDRq1rjFPHUaca1nzFz13xsa9ZGkBkLvMhvVgavJT5+A4rMcLu8XAaVTi/oAhO/tlHf9ZDoOTF1AfyAk9Q==",
      "license": "MIT",
      "peer": true
    },
    "node_modules/@rescript/webapi": {
      "version": "0.1.0-experimental-61b1074",
      "resolved": "https://registry.npmjs.org/@rescript/webapi/-/webapi-0.1.0-experimental-61b1074.tgz",
      "integrity": "sha512-m9dg8Hsly/h/pngaqZYSgr3FSR2F2gyKCvPH5y3Xt1Fnd6BYKSxwhdAQWDy93xMHGt/RSjRXS7az9ltLDoYtwA==",
      "license": "MIT",
      "peerDependencies": {
        "rescript": ">=12.0.0 <13"
      }
    },
    "node_modules/@rescript/win32-x64": {
      "version": "12.2.0",
      "resolved": "https://registry.npmjs.org/@rescript/win32-x64/-/win32-x64-12.2.0.tgz",
      "integrity": "sha512-fhf8CBj3p1lkIXPeNko3mVTKQfXXm4BoxJtR1xAXxUn43wDpd8Lox4w8/EPBbbW6C/YFQW6H7rtpY+2AKuNaDA==",
      "cpu": [
        "x64"
      ],
      "license": "(LGPL-3.0-or-later AND MIT)",
      "optional": true,
      "os": [
        "win32"
      ],
      "engines": {
        "node": ">=20.11.0"
      }
    },
    "node_modules/react": {
      "version": "19.2.5",
      "resolved": "https://registry.npmjs.org/react/-/react-19.2.5.tgz",
      "integrity": "sha512-llUJLzz1zTUBrskt2pwZgLq59AemifIftw4aB7JxOqf1HY2FDaGDxgwpAPVzHU1kdWabH7FauP4i1oEeer2WCA==",
      "dev": true,
      "license": "MIT",
      "peer": true,
      "engines": {
        "node": ">=0.10.0"
      }
    },
    "node_modules/react-dom": {
      "version": "19.2.5",
      "resolved": "https://registry.npmjs.org/react-dom/-/react-dom-19.2.5.tgz",
      "integrity": "sha512-J5bAZz+DXMMwW/wV3xzKke59Af6CHY7G4uYLN1OvBcKEsWOs4pQExj86BBKamxl/Ik5bx9whOrvBlSDfWzgSag==",
      "dev": true,
      "license": "MIT",
      "dependencies": {
        "scheduler": "^0.27.0"
      },
      "peerDependencies": {
        "react": "^19.2.5"
      }
    },
    "node_modules/rescript": {
      "version": "12.2.0",
      "resolved": "https://registry.npmjs.org/rescript/-/rescript-12.2.0.tgz",
      "integrity": "sha512-1Jf2cmNhyx5Mj2vwZ4XXPcXvNSjGj9D1jPBUcoqIOqRpLPo1ch2Ta/7eWh23xAHWHK5ow7BCDyYFjvZSjyjLzg==",
      "license": "(LGPL-3.0-or-later AND MIT)",
      "peer": true,
      "workspaces": [
        "packages/playground",
        "packages/@rescript/*",
        "tests/dependencies/**",
        "tests/analysis_tests/**",
        "tests/docstring_tests",
        "tests/gentype_tests/**",
        "tests/tools_tests",
        "tests/commonjs_tests",
        "scripts/res"
      ],
      "dependencies": {
        "@rescript/runtime": "12.2.0"
      },
      "bin": {
        "bsc": "cli/bsc.js",
        "bstracing": "cli/bstracing.js",
        "rescript": "cli/rescript.js",
        "rescript-legacy": "cli/rescript-legacy.js",
        "rescript-tools": "cli/rescript-tools.js"
      },
      "engines": {
        "node": ">=20.11.0"
      },
      "optionalDependencies": {
        "@rescript/darwin-arm64": "12.2.0",
        "@rescript/darwin-x64": "12.2.0",
        "@rescript/linux-arm64": "12.2.0",
        "@rescript/linux-x64": "12.2.0",
        "@rescript/win32-x64": "12.2.0"
      }
    },
    "node_modules/scheduler": {
      "version": "0.27.0",
      "resolved": "https://registry.npmjs.org/scheduler/-/scheduler-0.27.0.tgz",
      "integrity": "sha512-eNv+WrVbKu1f3vbYJT/xtiF5syA5HPIMtf9IgY/nKg0sWqzAUEvqY/xm7OcZc/qafLx/iO9FgOmeSAp4v5ti/Q==",
      "dev": true,
      "license": "MIT"
    }
  }
}
