# This file is generated by running "yarn install" inside your project.
# Manual changes might be lost - proceed with caution!

__metadata:
  version: 8
  cacheKey: 10c0

"@rescript/browser-router@workspace:packages/browser-router":
  version: 0.0.0-use.local
  resolution: "@rescript/browser-router@workspace:packages/browser-router"
  dependencies:
    "@rescript/react": "workspace:packages/react"
    "@rescript/runtime": "npm:>=12.0.0"
    react: "npm:>=19.2.0"
  peerDependencies:
    "@rescript/runtime": ">=12.0.0"
    react: ">=19.2.0"
  languageName: unknown
  linkType: soft

"@rescript/darwin-arm64@npm:12.3.0":
  version: 12.3.0
  resolution: "@rescript/darwin-arm64@npm:12.3.0"
  conditions: os=darwin & cpu=arm64
  languageName: node
  linkType: hard

"@rescript/darwin-x64@npm:12.3.0":
  version: 12.3.0
  resolution: "@rescript/darwin-x64@npm:12.3.0"
  conditions: os=darwin & cpu=x64
  languageName: node
  linkType: hard

"@rescript/linux-arm64@npm:12.3.0":
  version: 12.3.0
  resolution: "@rescript/linux-arm64@npm:12.3.0"
  conditions: os=linux & cpu=arm64
  languageName: node
  linkType: hard

"@rescript/linux-x64@npm:12.3.0":
  version: 12.3.0
  resolution: "@rescript/linux-x64@npm:12.3.0"
  conditions: os=linux & cpu=x64
  languageName: node
  linkType: hard

"@rescript/react-dom@workspace:packages/react-dom":
  version: 0.0.0-use.local
  resolution: "@rescript/react-dom@workspace:packages/react-dom"
  dependencies:
    "@rescript/react": "workspace:packages/react"
    "@rescript/runtime": "npm:>=12.0.0"
    react: "npm:>=19.2.0"
  peerDependencies:
    "@rescript/runtime": ">=12.0.0"
    react: ">=19.2.0"
    react-dom: ">=19.2.0"
  languageName: unknown
  linkType: soft

"@rescript/react@workspace:packages/react":
  version: 0.0.0-use.local
  resolution: "@rescript/react@workspace:packages/react"
  peerDependencies:
    "@rescript/runtime": ">=12.0.0"
    react: ">=19.2.0"
  languageName: unknown
  linkType: soft

"@rescript/runtime@npm:12.3.0, @rescript/runtime@npm:>=12.0.0":
  version: 12.3.0
  resolution: "@rescript/runtime@npm:12.3.0"
  checksum: 10c0/6d7b58078cec4444a3abd50fdb2ef35dfcc155c45cf824219dbc20180caef1aa891b10f4edf0c13396f7438023014eff0ab9289c9c8fae31d1a6e9d3849924a4
  languageName: node
  linkType: hard

"@rescript/win32-x64@npm:12.3.0":
  version: 12.3.0
  resolution: "@rescript/win32-x64@npm:12.3.0"
  conditions: os=win32 & cpu=x64
  languageName: node
  linkType: hard

"react-dom@npm:^19.2.0":
  version: 19.2.7
  resolution: "react-dom@npm:19.2.7"
  dependencies:
    scheduler: "npm:^0.27.0"
  peerDependencies:
    react: ^19.2.7
  checksum: 10c0/970ff600f6e80d47d39e2f226f12f226173b3cba3382efc97c5f0cd663de9af38c7a4c11c213fb936094faeac83060d660247accaa96b752180d5b951b9cfecb
  languageName: node
  linkType: hard

"react@npm:>=19.2.0, react@npm:^19.2.0":
  version: 19.2.7
  resolution: "react@npm:19.2.7"
  checksum: 10c0/0bd0e2f1bbd4ba97561c6597bf8a5fec05e6476fe61e165c1065598d16668efc6715205599c94d3ddd49d36cb0f21cbf1b9bcc18ee840b805ce222c3e8d558ac
  languageName: node
  linkType: hard

"rescript-react@workspace:.":
  version: 0.0.0-use.local
  resolution: "rescript-react@workspace:."
  dependencies:
    react: "npm:^19.2.0"
    react-dom: "npm:^19.2.0"
    rescript: "npm:^12.0.0"
  languageName: unknown
  linkType: soft

"rescript@npm:^12.0.0":
  version: 12.3.0
  resolution: "rescript@npm:12.3.0"
  dependencies:
    "@rescript/darwin-arm64": "npm:12.3.0"
    "@rescript/darwin-x64": "npm:12.3.0"
    "@rescript/linux-arm64": "npm:12.3.0"
    "@rescript/linux-x64": "npm:12.3.0"
    "@rescript/runtime": "npm:12.3.0"
    "@rescript/win32-x64": "npm:12.3.0"
  dependenciesMeta:
    "@rescript/darwin-arm64":
      optional: true
    "@rescript/darwin-x64":
      optional: true
    "@rescript/linux-arm64":
      optional: true
    "@rescript/linux-x64":
      optional: true
    "@rescript/win32-x64":
      optional: true
  bin:
    bsc: cli/bsc.js
    bstracing: cli/bstracing.js
    rescript: cli/rescript.js
    rescript-legacy: cli/rescript-legacy.js
    rescript-tools: cli/rescript-tools.js
  checksum: 10c0/f16231ef95bb4371e531485c33dfd9227cbddc079c06dab9a8395d444b5e8a8cfb844e018667dfaf36465138eb832cf219f6f71c7c37b65621a5fe0db781809c
  languageName: node
  linkType: hard

"scheduler@npm:^0.27.0":
  version: 0.27.0
  resolution: "scheduler@npm:0.27.0"
  checksum: 10c0/4f03048cb05a3c8fddc45813052251eca00688f413a3cee236d984a161da28db28ba71bd11e7a3dd02f7af84ab28d39fb311431d3b3772fed557945beb00c452
  languageName: node
  linkType: hard
